
Microsoft Visual Studio Solution File, Format Version 12.00
# Visual Studio Version 17
VisualStudioVersion = 17.3.32825.248
MinimumVisualStudioVersion = 10.0.40219.1
Project("{FAE04EC0-301F-11D3-BF4B-00C04F79EFBC}") = "DataAccess", "DataAccess\DataAccess.csproj", "{EA284AEA-0729-4482-A3E1-7E368346960B}"
EndProject
Project("{FAE04EC0-301F-11D3-BF4B-00C04F79EFBC}") = "Business", "Business\Business.csproj", "{956425B7-99E8-4AB9-9AFC-91D9945927D1}"
EndProject
Project("{FAE04EC0-301F-11D3-BF4B-00C04F79EFBC}") = "Entities", "Entities\Entities.csproj", "{D56F3720-08F4-49A2-83F8-49E71DE88ED4}"
EndProject
Project("{FAE04EC0-301F-11D3-BF4B-00C04F79EFBC}") = "ConsoleUI", "ConsoleUI\ConsoleUI.csproj", "{1A5D8600-D394-479B-9789-F1644608F993}"
EndProject
Global
	GlobalSection(SolutionConfigurationPlatforms) = preSolution
		Debug|Any CPU = Debug|Any CPU
		Release|Any CPU = Release|Any CPU
	EndGlobalSection
	GlobalSection(ProjectConfigurationPlatforms) = postSolution
		{EA284AEA-0729-4482-A3E1-7E368346960B}.Debug|Any CPU.ActiveCfg = Debug|Any CPU
		{EA284AEA-0729-4482-A3E1-7E368346960B}.Debug|Any CPU.Build.0 = Debug|Any CPU
		{EA284AEA-0729-4482-A3E1-7E368346960B}.Release|Any CPU.ActiveCfg = Release|Any CPU
		{EA284AEA-0729-4482-A3E1-7E368346960B}.Release|Any CPU.Build.0 = Release|Any CPU
		{956425B7-99E8-4AB9-9AFC-91D9945927D1}.Debug|Any CPU.ActiveCfg = Debug|Any CPU
		{956425B7-99E8-4AB9-9AFC-91D9945927D1}.Debug|Any CPU.Build.0 = Debug|Any CPU
		{956425B7-99E8-4AB9-9AFC-91D9945927D1}.Release|Any CPU.ActiveCfg = Release|Any CPU
		{956425B7-99E8-4AB9-9AFC-91D9945927D1}.Release|Any CPU.Build.0 = Release|Any CPU
		{D56F3720-08F4-49A2-83F8-49E71DE88ED4}.Debug|Any CPU.ActiveCfg = Debug|Any CPU
		{D56F3720-08F4-49A2-83F8-49E71DE88ED4}.Debug|Any CPU.Build.0 = Debug|Any CPU
		{D56F3720-08F4-49A2-83F8-49E71DE88ED4}.Release|Any CPU.ActiveCfg = Release|Any CPU
		{D56F3720-08F4-49A2-83F8-49E71DE88ED4}.Release|Any CPU.Build.0 = Release|Any CPU
		{1A5D8600-D394-479B-9789-F1644608F993}.Debug|Any CPU.ActiveCfg = Debug|Any CPU
		{1A5D8600-D394-479B-9789-F1644608F993}.Debug|Any CPU.Build.0 = Debug|Any CPU
		{1A5D8600-D394-479B-9789-F1644608F993}.Release|Any CPU.ActiveCfg = Release|Any CPU
		{1A5D8600-D394-479B-9789-F1644608F993}.Release|Any CPU.Build.0 = Release|Any CPU
	EndGlobalSection
	GlobalSection(SolutionProperties) = preSolution
		HideSolutionNode = FALSE
	EndGlobalSection
	GlobalSection(ExtensibilityGlobals) = postSolution
		SolutionGuid = {0B9CF785-4253-4357-B1B2-F302D0EB43A1}
	EndGlobalSection
EndGlobal
